
Microsoft Visual Studio Solution File, Format Version 12.00
# Visual Studio 15
Project("{FAE04EC0-301F-11D3-BF4B-00C04F79EFBC}") = "Assembly-CSharp", "Assembly-CSharp.csproj", "{09CDDE83-DDC3-B6F8-17A4-6AC9F58B56DF}"
EndProject
Project("{FAE04EC0-301F-11D3-BF4B-00C04F79EFBC}") = "Assembly-CSharp-Editor", "Assembly-CSharp-Editor.csproj", "{B833949D-D409-4F99-2EA0-467780996180}"
EndProject
Global
	GlobalSection(SolutionConfigurationPlatforms) = preSolution
		Debug|Any CPU = Debug|Any CPU
		Release|Any CPU = Release|Any CPU
	EndGlobalSection
	GlobalSection(ProjectConfigurationPlatforms) = postSolution
		{09CDDE83-DDC3-B6F8-17A4-6AC9F58B56DF}.Debug|Any CPU.ActiveCfg = Debug|Any CPU
		{09CDDE83-DDC3-B6F8-17A4-6AC9F58B56DF}.Debug|Any CPU.Build.0 = Debug|Any CPU
		{09CDDE83-DDC3-B6F8-17A4-6AC9F58B56DF}.Release|Any CPU.ActiveCfg = Release|Any CPU
		{09CDDE83-DDC3-B6F8-17A4-6AC9F58B56DF}.Release|Any CPU.Build.0 = Release|Any CPU
		{B833949D-D409-4F99-2EA0-467780996180}.Debug|Any CPU.ActiveCfg = Debug|Any CPU
		{B833949D-D409-4F99-2EA0-467780996180}.Debug|Any CPU.Build.0 = Debug|Any CPU
		{B833949D-D409-4F99-2EA0-467780996180}.Release|Any CPU.ActiveCfg = Release|Any CPU
		{B833949D-D409-4F99-2EA0-467780996180}.Release|Any CPU.Build.0 = Release|Any CPU
	EndGlobalSection
	GlobalSection(SolutionProperties) = preSolution
		HideSolutionNode = FALSE
	EndGlobalSection
EndGlobal
